# THIS IS AN AUTOGENERATED FILE. DO NOT EDIT THIS FILE DIRECTLY.
# yarn lockfile v1


"@veupathdb/clinepi-site@1.0.100-patch.1":
  version "1.0.100-patch.1"
  resolved "https://registry.yarnpkg.com/@veupathdb/clinepi-site/-/clinepi-site-1.0.100-patch.1.tgz#9bb0b0c7d1002feb1e9c4728d38d429a4743aeca"
  integrity sha512-UG9b3HbgyLiSveOcoS4aEHyB1QcnSpjll9OEP252QPTDMUyldKoj+q1fpb7NP76FW6KXGoLq+Qu0T51zQU4O1g==
