# THIS IS AN AUTOGENERATED FILE. DO NOT EDIT THIS FILE DIRECTLY.
# yarn lockfile v1


"@veupathdb/clinepi-site@^1.1.7-patch.9":
  version "1.1.7-patch.9"
  resolved "https://registry.yarnpkg.com/@veupathdb/clinepi-site/-/clinepi-site-1.1.7-patch.9.tgz#01d8de5fec8bd8259400bcde84e2cdec94ea99fe"
  integrity sha512-ahA61IC58QP3vJa5arI8RzVDSxyL+DtfPbnuH+Ux2rM7qqMq1cXIsuPtYuCSJTSILCh8slfuUjacOizXsablUg==
